
Microsoft Visual Studio Solution File, Format Version 12.00
# Visual Studio 2013
VisualStudioVersion = 12.0.30110.0
MinimumVisualStudioVersion = 10.0.40219.1
Project("{8BC9CEB8-8B4A-11D0-8D11-00A0C91BC942}") = "demo", "demo\demo.vcxproj", "{4073E51D-C8B0-4A07-927D-A69361DF1F17}"
EndProject
Project("{8BC9CEB8-8B4A-11D0-8D11-00A0C91BC942}") = "render", "render\render.vcxproj", "{B5D345FA-DFA9-4D0B-AB77-1AAC6C76974D}"
EndProject
Project("{8BC9CEB8-8B4A-11D0-8D11-00A0C91BC942}") = "core", "core\core.vcxproj", "{56CFFC1C-C7AF-43C9-9270-022C1447EF9C}"
EndProject
Global
	GlobalSection(SolutionConfigurationPlatforms) = preSolution
		Debug|Mixed Platforms = Debug|Mixed Platforms
		Debug|Win32 = Debug|Win32
		Debug|x64 = Debug|x64
		Release|Mixed Platforms = Release|Mixed Platforms
		Release|Win32 = Release|Win32
		Release|x64 = Release|x64
	EndGlobalSection
	GlobalSection(ProjectConfigurationPlatforms) = postSolution
		{4073E51D-C8B0-4A07-927D-A69361DF1F17}.Debug|Mixed Platforms.ActiveCfg = Debug|x64
		{4073E51D-C8B0-4A07-927D-A69361DF1F17}.Debug|Mixed Platforms.Build.0 = Debug|x64
		{4073E51D-C8B0-4A07-927D-A69361DF1F17}.Debug|Win32.ActiveCfg = Debug|x64
		{4073E51D-C8B0-4A07-927D-A69361DF1F17}.Debug|Win32.Build.0 = Debug|x64
		{4073E51D-C8B0-4A07-927D-A69361DF1F17}.Debug|x64.ActiveCfg = Debug|x64
		{4073E51D-C8B0-4A07-927D-A69361DF1F17}.Debug|x64.Build.0 = Debug|x64
		{4073E51D-C8B0-4A07-927D-A69361DF1F17}.Release|Mixed Platforms.ActiveCfg = Release|x64
		{4073E51D-C8B0-4A07-927D-A69361DF1F17}.Release|Mixed Platforms.Build.0 = Release|x64
		{4073E51D-C8B0-4A07-927D-A69361DF1F17}.Release|Win32.ActiveCfg = Release|x64
		{4073E51D-C8B0-4A07-927D-A69361DF1F17}.Release|x64.ActiveCfg = Release|x64
		{4073E51D-C8B0-4A07-927D-A69361DF1F17}.Release|x64.Build.0 = Release|x64
		{B5D345FA-DFA9-4D0B-AB77-1AAC6C76974D}.Debug|Mixed Platforms.ActiveCfg = Debug|x64
		{B5D345FA-DFA9-4D0B-AB77-1AAC6C76974D}.Debug|Mixed Platforms.Build.0 = Debug|x64
		{B5D345FA-DFA9-4D0B-AB77-1AAC6C76974D}.Debug|Win32.ActiveCfg = Debug|x64
		{B5D345FA-DFA9-4D0B-AB77-1AAC6C76974D}.Debug|x64.ActiveCfg = Debug|x64
		{B5D345FA-DFA9-4D0B-AB77-1AAC6C76974D}.Debug|x64.Build.0 = Debug|x64
		{B5D345FA-DFA9-4D0B-AB77-1AAC6C76974D}.Release|Mixed Platforms.ActiveCfg = Release|x64
		{B5D345FA-DFA9-4D0B-AB77-1AAC6C76974D}.Release|Mixed Platforms.Build.0 = Release|x64
		{B5D345FA-DFA9-4D0B-AB77-1AAC6C76974D}.Release|Win32.ActiveCfg = Release|x64
		{B5D345FA-DFA9-4D0B-AB77-1AAC6C76974D}.Release|x64.ActiveCfg = Release|x64
		{B5D345FA-DFA9-4D0B-AB77-1AAC6C76974D}.Release|x64.Build.0 = Release|x64
		{56CFFC1C-C7AF-43C9-9270-022C1447EF9C}.Debug|Mixed Platforms.ActiveCfg = Debug|x64
		{56CFFC1C-C7AF-43C9-9270-022C1447EF9C}.Debug|Mixed Platforms.Build.0 = Debug|x64
		{56CFFC1C-C7AF-43C9-9270-022C1447EF9C}.Debug|Win32.ActiveCfg = Debug|x64
		{56CFFC1C-C7AF-43C9-9270-022C1447EF9C}.Debug|x64.ActiveCfg = Debug|x64
		{56CFFC1C-C7AF-43C9-9270-022C1447EF9C}.Debug|x64.Build.0 = Debug|x64
		{56CFFC1C-C7AF-43C9-9270-022C1447EF9C}.Release|Mixed Platforms.ActiveCfg = Release|x64
		{56CFFC1C-C7AF-43C9-9270-022C1447EF9C}.Release|Mixed Platforms.Build.0 = Release|x64
		{56CFFC1C-C7AF-43C9-9270-022C1447EF9C}.Release|Win32.ActiveCfg = Release|x64
		{56CFFC1C-C7AF-43C9-9270-022C1447EF9C}.Release|x64.ActiveCfg = Release|x64
		{56CFFC1C-C7AF-43C9-9270-022C1447EF9C}.Release|x64.Build.0 = Release|x64
	EndGlobalSection
	GlobalSection(SolutionProperties) = preSolution
		HideSolutionNode = FALSE
	EndGlobalSection
EndGlobal
